
Microsoft Visual Studio Solution File, Format Version 12.00
# Visual Studio Version 17
VisualStudioVersion = 17.11.35222.181
MinimumVisualStudioVersion = 10.0.40219.1
Project("{8BC9CEB8-8B4A-11D0-8D11-00A0C91BC942}") = "obj-renderer", "src\obj-renderer\obj-renderer.vcxproj", "{72C99AE3-5C64-4CF7-9D75-67E7171CCCFB}"
EndProject
Project("{8BC9CEB8-8B4A-11D0-8D11-00A0C91BC942}") = "unit-tests", "src\unit-tests\unit-tests.vcxproj", "{DFCD4331-7705-41AA-91F1-FE72467A2FC9}"
EndProject
Global
	GlobalSection(SolutionConfigurationPlatforms) = preSolution
		Debug|x64 = Debug|x64
		Debug|x86 = Debug|x86
		Release|x64 = Release|x64
		Release|x86 = Release|x86
	EndGlobalSection
	GlobalSection(ProjectConfigurationPlatforms) = postSolution
		{72C99AE3-5C64-4CF7-9D75-67E7171CCCFB}.Debug|x64.ActiveCfg = Debug|x64
		{72C99AE3-5C64-4CF7-9D75-67E7171CCCFB}.Debug|x64.Build.0 = Debug|x64
		{72C99AE3-5C64-4CF7-9D75-67E7171CCCFB}.Debug|x86.ActiveCfg = Debug|Win32
		{72C99AE3-5C64-4CF7-9D75-67E7171CCCFB}.Debug|x86.Build.0 = Debug|Win32
		{72C99AE3-5C64-4CF7-9D75-67E7171CCCFB}.Release|x64.ActiveCfg = Release|x64
		{72C99AE3-5C64-4CF7-9D75-67E7171CCCFB}.Release|x64.Build.0 = Release|x64
		{72C99AE3-5C64-4CF7-9D75-67E7171CCCFB}.Release|x86.ActiveCfg = Release|Win32
		{72C99AE3-5C64-4CF7-9D75-67E7171CCCFB}.Release|x86.Build.0 = Release|Win32
		{DFCD4331-7705-41AA-91F1-FE72467A2FC9}.Debug|x64.ActiveCfg = Debug|x64
		{DFCD4331-7705-41AA-91F1-FE72467A2FC9}.Debug|x64.Build.0 = Debug|x64
		{DFCD4331-7705-41AA-91F1-FE72467A2FC9}.Debug|x86.ActiveCfg = Debug|Win32
		{DFCD4331-7705-41AA-91F1-FE72467A2FC9}.Debug|x86.Build.0 = Debug|Win32
		{DFCD4331-7705-41AA-91F1-FE72467A2FC9}.Release|x64.ActiveCfg = Release|x64
		{DFCD4331-7705-41AA-91F1-FE72467A2FC9}.Release|x64.Build.0 = Release|x64
		{DFCD4331-7705-41AA-91F1-FE72467A2FC9}.Release|x86.ActiveCfg = Release|Win32
		{DFCD4331-7705-41AA-91F1-FE72467A2FC9}.Release|x86.Build.0 = Release|Win32
	EndGlobalSection
	GlobalSection(SolutionProperties) = preSolution
		HideSolutionNode = FALSE
	EndGlobalSection
	GlobalSection(ExtensibilityGlobals) = postSolution
		SolutionGuid = {E04B64F3-3120-4026-A716-B565DAB0A59E}
	EndGlobalSection
EndGlobal
